
Microsoft Visual Studio Solution File, Format Version 12.00
# Visual Studio Version 18
VisualStudioVersion = 18.6.11822.322
MinimumVisualStudioVersion = 10.0.40219.1
Project("{2150E333-8FDC-42A3-9474-1A3956D46DE8}") = "Položky řešení", "Položky řešení", "{73E6DEBC-5D85-E032-7380-14D1E53616C6}"
	ProjectSection(SolutionItems) = preProject
		DbCreation.sql = DbCreation.sql
		TODO.md = TODO.md
	EndProjectSection
EndProject
Project("{FAE04EC0-301F-11D3-BF4B-00C04F79EFBC}") = "BackerUp.Client", "src\BackerUp.Client\BackerUp.Client.csproj", "{D0E13B51-DDC0-4307-8C19-B8F704A2ABE1}"
EndProject
Project("{FAE04EC0-301F-11D3-BF4B-00C04F79EFBC}") = "BackerUp.Editor", "src\BackerUp.Editor\BackerUp.Editor.csproj", "{91F5EDDE-F98E-4607-AB4F-EB351A5F68B9}"
EndProject
Project("{FAE04EC0-301F-11D3-BF4B-00C04F79EFBC}") = "BackerUp.Tests", "src\BackerUp.Tests\BackerUp.Tests.csproj", "{25673944-65CD-49C2-AE72-353B3087AABC}"
EndProject
Project("{FAE04EC0-301F-11D3-BF4B-00C04F79EFBC}") = "BackerUp.Admin.Server", "src\BackerUp.Admin.Server\BackerUp.Admin.Server.csproj", "{3E333399-9269-4F58-9DBF-BE948C9A8503}"
EndProject
Project("{E24C65DC-7377-472B-9ABA-BC803B73C61A}") = "BackerUp.Admin.Frontend", "src\BackerUp.Admin.Frontend\", "{C726C962-CC1F-4738-2354-56EADB80D989}"
	ProjectSection(WebsiteProperties) = preProject
		TargetFrameworkMoniker = ".NETFramework,Version%3Dv4.8"
		Debug.AspNetCompiler.VirtualPath = "/localhost_49255"
		Debug.AspNetCompiler.PhysicalPath = "src\BackerUp.Admin.Frontend\"
		Debug.AspNetCompiler.TargetPath = "PrecompiledWeb\localhost_49255\"
		Debug.AspNetCompiler.Updateable = "true"
		Debug.AspNetCompiler.ForceOverwrite = "true"
		Debug.AspNetCompiler.FixedNames = "false"
		Debug.AspNetCompiler.Debug = "True"
		Release.AspNetCompiler.VirtualPath = "/localhost_49255"
		Release.AspNetCompiler.PhysicalPath = "src\BackerUp.Admin.Frontend\"
		Release.AspNetCompiler.TargetPath = "PrecompiledWeb\localhost_49255\"
		Release.AspNetCompiler.Updateable = "true"
		Release.AspNetCompiler.ForceOverwrite = "true"
		Release.AspNetCompiler.FixedNames = "false"
		Release.AspNetCompiler.Debug = "False"
		VWDPort = "49255"
		SlnRelativePath = "src\BackerUp.Admin.Frontend\"
	EndProjectSection
EndProject
Project("{FAE04EC0-301F-11D3-BF4B-00C04F79EFBC}") = "BackerUp.Core", "src\BackerUp.Core\BackerUp.Core.csproj", "{4AE7481B-B147-46AD-824E-124E947D1967}"
EndProject
Global
	GlobalSection(SolutionConfigurationPlatforms) = preSolution
		Debug|Any CPU = Debug|Any CPU
		Release|Any CPU = Release|Any CPU
	EndGlobalSection
	GlobalSection(ProjectConfigurationPlatforms) = postSolution
		{D0E13B51-DDC0-4307-8C19-B8F704A2ABE1}.Debug|Any CPU.ActiveCfg = Debug|Any CPU
		{D0E13B51-DDC0-4307-8C19-B8F704A2ABE1}.Debug|Any CPU.Build.0 = Debug|Any CPU
		{D0E13B51-DDC0-4307-8C19-B8F704A2ABE1}.Release|Any CPU.ActiveCfg = Release|Any CPU
		{D0E13B51-DDC0-4307-8C19-B8F704A2ABE1}.Release|Any CPU.Build.0 = Release|Any CPU
		{91F5EDDE-F98E-4607-AB4F-EB351A5F68B9}.Debug|Any CPU.ActiveCfg = Debug|Any CPU
		{91F5EDDE-F98E-4607-AB4F-EB351A5F68B9}.Debug|Any CPU.Build.0 = Debug|Any CPU
		{91F5EDDE-F98E-4607-AB4F-EB351A5F68B9}.Release|Any CPU.ActiveCfg = Release|Any CPU
		{91F5EDDE-F98E-4607-AB4F-EB351A5F68B9}.Release|Any CPU.Build.0 = Release|Any CPU
		{25673944-65CD-49C2-AE72-353B3087AABC}.Debug|Any CPU.ActiveCfg = Debug|Any CPU
		{25673944-65CD-49C2-AE72-353B3087AABC}.Debug|Any CPU.Build.0 = Debug|Any CPU
		{25673944-65CD-49C2-AE72-353B3087AABC}.Release|Any CPU.ActiveCfg = Release|Any CPU
		{25673944-65CD-49C2-AE72-353B3087AABC}.Release|Any CPU.Build.0 = Release|Any CPU
		{3E333399-9269-4F58-9DBF-BE948C9A8503}.Debug|Any CPU.ActiveCfg = Debug|Any CPU
		{3E333399-9269-4F58-9DBF-BE948C9A8503}.Debug|Any CPU.Build.0 = Debug|Any CPU
		{3E333399-9269-4F58-9DBF-BE948C9A8503}.Release|Any CPU.ActiveCfg = Release|Any CPU
		{3E333399-9269-4F58-9DBF-BE948C9A8503}.Release|Any CPU.Build.0 = Release|Any CPU
		{C726C962-CC1F-4738-2354-56EADB80D989}.Debug|Any CPU.ActiveCfg = Debug|Any CPU
		{C726C962-CC1F-4738-2354-56EADB80D989}.Debug|Any CPU.Build.0 = Debug|Any CPU
		{C726C962-CC1F-4738-2354-56EADB80D989}.Release|Any CPU.ActiveCfg = Debug|Any CPU
		{C726C962-CC1F-4738-2354-56EADB80D989}.Release|Any CPU.Build.0 = Debug|Any CPU
		{4AE7481B-B147-46AD-824E-124E947D1967}.Debug|Any CPU.ActiveCfg = Debug|Any CPU
		{4AE7481B-B147-46AD-824E-124E947D1967}.Debug|Any CPU.Build.0 = Debug|Any CPU
		{4AE7481B-B147-46AD-824E-124E947D1967}.Release|Any CPU.ActiveCfg = Release|Any CPU
		{4AE7481B-B147-46AD-824E-124E947D1967}.Release|Any CPU.Build.0 = Release|Any CPU
	EndGlobalSection
	GlobalSection(SolutionProperties) = preSolution
		HideSolutionNode = FALSE
	EndGlobalSection
	GlobalSection(ExtensibilityGlobals) = postSolution
		SolutionGuid = {1B7EC54B-CAA3-45BE-8834-2493FB40EE85}
	EndGlobalSection
EndGlobal
